
Microsoft Visual Studio Solution File, Format Version 12.00
# Visual Studio Version 17
VisualStudioVersion = 17.0.31903.59
MinimumVisualStudioVersion = 10.0.40219.1
Project("{2150E333-8FDC-42A3-9474-1A3956D46DE8}") = "src", "src", "{827E0CD3-B72D-47B6-A68D-7590B98EB39B}"
EndProject
Project("{FAE04EC0-301F-11D3-BF4B-00C04F79EFBC}") = "Escrime.Domain", "src\Escrime.Domain\Escrime.Domain.csproj", "{13474631-3E86-4C53-BCB0-544BB4975ECF}"
EndProject
Project("{FAE04EC0-301F-11D3-BF4B-00C04F79EFBC}") = "Escrime.UnitTests", "tests\Escrime.UnitTests\Escrime.UnitTests.csproj", "{F3F0E042-3B96-468C-8655-C3178492349B}"
EndProject
Project("{FAE04EC0-301F-11D3-BF4B-00C04F79EFBC}") = "Escrime.Api", "src\Escrime.Api\Escrime.Api.csproj", "{2A7C72FB-B319-4099-84DF-8B5BE0623836}"
EndProject
Project("{FAE04EC0-301F-11D3-BF4B-00C04F79EFBC}") = "Escrime.IntegrationTests", "tests\Escrime.IntegrationTests\Escrime.IntegrationTests.csproj", "{C261491B-571F-4BE1-9340-7322C25C216A}"
EndProject
Global
	GlobalSection(SolutionConfigurationPlatforms) = preSolution
		Debug|Any CPU = Debug|Any CPU
		Debug|x64 = Debug|x64
		Debug|x86 = Debug|x86
		Release|Any CPU = Release|Any CPU
		Release|x64 = Release|x64
		Release|x86 = Release|x86
	EndGlobalSection
	GlobalSection(ProjectConfigurationPlatforms) = postSolution
		{13474631-3E86-4C53-BCB0-544BB4975ECF}.Debug|Any CPU.ActiveCfg = Debug|Any CPU
		{13474631-3E86-4C53-BCB0-544BB4975ECF}.Debug|Any CPU.Build.0 = Debug|Any CPU
		{13474631-3E86-4C53-BCB0-544BB4975ECF}.Debug|x64.ActiveCfg = Debug|Any CPU
		{13474631-3E86-4C53-BCB0-544BB4975ECF}.Debug|x64.Build.0 = Debug|Any CPU
		{13474631-3E86-4C53-BCB0-544BB4975ECF}.Debug|x86.ActiveCfg = Debug|Any CPU
		{13474631-3E86-4C53-BCB0-544BB4975ECF}.Debug|x86.Build.0 = Debug|Any CPU
		{13474631-3E86-4C53-BCB0-544BB4975ECF}.Release|Any CPU.ActiveCfg = Release|Any CPU
		{13474631-3E86-4C53-BCB0-544BB4975ECF}.Release|Any CPU.Build.0 = Release|Any CPU
		{13474631-3E86-4C53-BCB0-544BB4975ECF}.Release|x64.ActiveCfg = Release|Any CPU
		{13474631-3E86-4C53-BCB0-544BB4975ECF}.Release|x64.Build.0 = Release|Any CPU
		{13474631-3E86-4C53-BCB0-544BB4975ECF}.Release|x86.ActiveCfg = Release|Any CPU
		{13474631-3E86-4C53-BCB0-544BB4975ECF}.Release|x86.Build.0 = Release|Any CPU
		{F3F0E042-3B96-468C-8655-C3178492349B}.Debug|Any CPU.ActiveCfg = Debug|Any CPU
		{F3F0E042-3B96-468C-8655-C3178492349B}.Debug|Any CPU.Build.0 = Debug|Any CPU
		{F3F0E042-3B96-468C-8655-C3178492349B}.Debug|x64.ActiveCfg = Debug|Any CPU
		{F3F0E042-3B96-468C-8655-C3178492349B}.Debug|x64.Build.0 = Debug|Any CPU
		{F3F0E042-3B96-468C-8655-C3178492349B}.Debug|x86.ActiveCfg = Debug|Any CPU
		{F3F0E042-3B96-468C-8655-C3178492349B}.Debug|x86.Build.0 = Debug|Any CPU
		{F3F0E042-3B96-468C-8655-C3178492349B}.Release|Any CPU.ActiveCfg = Release|Any CPU
		{F3F0E042-3B96-468C-8655-C3178492349B}.Release|Any CPU.Build.0 = Release|Any CPU
		{F3F0E042-3B96-468C-8655-C3178492349B}.Release|x64.ActiveCfg = Release|Any CPU
		{F3F0E042-3B96-468C-8655-C3178492349B}.Release|x64.Build.0 = Release|Any CPU
		{F3F0E042-3B96-468C-8655-C3178492349B}.Release|x86.ActiveCfg = Release|Any CPU
		{F3F0E042-3B96-468C-8655-C3178492349B}.Release|x86.Build.0 = Release|Any CPU
		{2A7C72FB-B319-4099-84DF-8B5BE0623836}.Debug|Any CPU.ActiveCfg = Debug|Any CPU
		{2A7C72FB-B319-4099-84DF-8B5BE0623836}.Debug|Any CPU.Build.0 = Debug|Any CPU
		{2A7C72FB-B319-4099-84DF-8B5BE0623836}.Debug|x64.ActiveCfg = Debug|Any CPU
		{2A7C72FB-B319-4099-84DF-8B5BE0623836}.Debug|x64.Build.0 = Debug|Any CPU
		{2A7C72FB-B319-4099-84DF-8B5BE0623836}.Debug|x86.ActiveCfg = Debug|Any CPU
		{2A7C72FB-B319-4099-84DF-8B5BE0623836}.Debug|x86.Build.0 = Debug|Any CPU
		{2A7C72FB-B319-4099-84DF-8B5BE0623836}.Release|Any CPU.ActiveCfg = Release|Any CPU
		{2A7C72FB-B319-4099-84DF-8B5BE0623836}.Release|Any CPU.Build.0 = Release|Any CPU
		{2A7C72FB-B319-4099-84DF-8B5BE0623836}.Release|x64.ActiveCfg = Release|Any CPU
		{2A7C72FB-B319-4099-84DF-8B5BE0623836}.Release|x64.Build.0 = Release|Any CPU
		{2A7C72FB-B319-4099-84DF-8B5BE0623836}.Release|x86.ActiveCfg = Release|Any CPU
		{2A7C72FB-B319-4099-84DF-8B5BE0623836}.Release|x86.Build.0 = Release|Any CPU
		{C261491B-571F-4BE1-9340-7322C25C216A}.Debug|Any CPU.ActiveCfg = Debug|Any CPU
		{C261491B-571F-4BE1-9340-7322C25C216A}.Debug|Any CPU.Build.0 = Debug|Any CPU
		{C261491B-571F-4BE1-9340-7322C25C216A}.Debug|x64.ActiveCfg = Debug|Any CPU
		{C261491B-571F-4BE1-9340-7322C25C216A}.Debug|x64.Build.0 = Debug|Any CPU
		{C261491B-571F-4BE1-9340-7322C25C216A}.Debug|x86.ActiveCfg = Debug|Any CPU
		{C261491B-571F-4BE1-9340-7322C25C216A}.Debug|x86.Build.0 = Debug|Any CPU
		{C261491B-571F-4BE1-9340-7322C25C216A}.Release|Any CPU.ActiveCfg = Release|Any CPU
		{C261491B-571F-4BE1-9340-7322C25C216A}.Release|Any CPU.Build.0 = Release|Any CPU
		{C261491B-571F-4BE1-9340-7322C25C216A}.Release|x64.ActiveCfg = Release|Any CPU
		{C261491B-571F-4BE1-9340-7322C25C216A}.Release|x64.Build.0 = Release|Any CPU
		{C261491B-571F-4BE1-9340-7322C25C216A}.Release|x86.ActiveCfg = Release|Any CPU
		{C261491B-571F-4BE1-9340-7322C25C216A}.Release|x86.Build.0 = Release|Any CPU
	EndGlobalSection
	GlobalSection(SolutionProperties) = preSolution
		HideSolutionNode = FALSE
	EndGlobalSection
	GlobalSection(NestedProjects) = preSolution
		{13474631-3E86-4C53-BCB0-544BB4975ECF} = {827E0CD3-B72D-47B6-A68D-7590B98EB39B}
		{F3F0E042-3B96-468C-8655-C3178492349B} = {827E0CD3-B72D-47B6-A68D-7590B98EB39B}
		{2A7C72FB-B319-4099-84DF-8B5BE0623836} = {827E0CD3-B72D-47B6-A68D-7590B98EB39B}
		{C261491B-571F-4BE1-9340-7322C25C216A} = {827E0CD3-B72D-47B6-A68D-7590B98EB39B}
	EndGlobalSection
EndGlobal
